
Microsoft Visual Studio Solution File, Format Version 12.00
# Visual Studio Version 17
VisualStudioVersion = 17.4.33122.133
MinimumVisualStudioVersion = 10.0.40219.1
Project("{FAE04EC0-301F-11D3-BF4B-00C04F79EFBC}") = "Problema6", "Problema6\Problema6.csproj", "{78065785-17D4-443D-92FE-1A2B97540EB1}"
EndProject
Global
	GlobalSection(SolutionConfigurationPlatforms) = preSolution
		Debug|Any CPU = Debug|Any CPU
		Release|Any CPU = Release|Any CPU
	EndGlobalSection
	GlobalSection(ProjectConfigurationPlatforms) = postSolution
		{78065785-17D4-443D-92FE-1A2B97540EB1}.Debug|Any CPU.ActiveCfg = Debug|Any CPU
		{78065785-17D4-443D-92FE-1A2B97540EB1}.Debug|Any CPU.Build.0 = Debug|Any CPU
		{78065785-17D4-443D-92FE-1A2B97540EB1}.Release|Any CPU.ActiveCfg = Release|Any CPU
		{78065785-17D4-443D-92FE-1A2B97540EB1}.Release|Any CPU.Build.0 = Release|Any CPU
	EndGlobalSection
	GlobalSection(SolutionProperties) = preSolution
		HideSolutionNode = FALSE
	EndGlobalSection
	GlobalSection(ExtensibilityGlobals) = postSolution
		SolutionGuid = {98FBB4B8-1109-4E93-8446-EC6F8AC3A843}
	EndGlobalSection
EndGlobal
