
Microsoft Visual Studio Solution File, Format Version 12.00
# Visual Studio Version 17
VisualStudioVersion = 17.4.33122.133
MinimumVisualStudioVersion = 10.0.40219.1
Project("{FAE04EC0-301F-11D3-BF4B-00C04F79EFBC}") = "Problema3", "Problema3\Problema3.csproj", "{91D05FC7-C03F-46DE-B8FD-B0281301384A}"
EndProject
Global
	GlobalSection(SolutionConfigurationPlatforms) = preSolution
		Debug|Any CPU = Debug|Any CPU
		Release|Any CPU = Release|Any CPU
	EndGlobalSection
	GlobalSection(ProjectConfigurationPlatforms) = postSolution
		{91D05FC7-C03F-46DE-B8FD-B0281301384A}.Debug|Any CPU.ActiveCfg = Debug|Any CPU
		{91D05FC7-C03F-46DE-B8FD-B0281301384A}.Debug|Any CPU.Build.0 = Debug|Any CPU
		{91D05FC7-C03F-46DE-B8FD-B0281301384A}.Release|Any CPU.ActiveCfg = Release|Any CPU
		{91D05FC7-C03F-46DE-B8FD-B0281301384A}.Release|Any CPU.Build.0 = Release|Any CPU
	EndGlobalSection
	GlobalSection(SolutionProperties) = preSolution
		HideSolutionNode = FALSE
	EndGlobalSection
	GlobalSection(ExtensibilityGlobals) = postSolution
		SolutionGuid = {9D5B8CB3-806D-4712-8B23-C85141891347}
	EndGlobalSection
EndGlobal
