
Microsoft Visual Studio Solution File, Format Version 12.00
# Visual Studio Version 17
VisualStudioVersion = 17.4.33122.133
MinimumVisualStudioVersion = 10.0.40219.1
Project("{FAE04EC0-301F-11D3-BF4B-00C04F79EFBC}") = "Problema14", "Problema14\Problema14.csproj", "{AFFAEB7A-63D0-4079-96AE-57107795880B}"
EndProject
Global
	GlobalSection(SolutionConfigurationPlatforms) = preSolution
		Debug|Any CPU = Debug|Any CPU
		Release|Any CPU = Release|Any CPU
	EndGlobalSection
	GlobalSection(ProjectConfigurationPlatforms) = postSolution
		{AFFAEB7A-63D0-4079-96AE-57107795880B}.Debug|Any CPU.ActiveCfg = Debug|Any CPU
		{AFFAEB7A-63D0-4079-96AE-57107795880B}.Debug|Any CPU.Build.0 = Debug|Any CPU
		{AFFAEB7A-63D0-4079-96AE-57107795880B}.Release|Any CPU.ActiveCfg = Release|Any CPU
		{AFFAEB7A-63D0-4079-96AE-57107795880B}.Release|Any CPU.Build.0 = Release|Any CPU
	EndGlobalSection
	GlobalSection(SolutionProperties) = preSolution
		HideSolutionNode = FALSE
	EndGlobalSection
	GlobalSection(ExtensibilityGlobals) = postSolution
		SolutionGuid = {52CD40BA-FB0F-41D8-B0EE-DC61C4C9CE4D}
	EndGlobalSection
EndGlobal
