
Microsoft Visual Studio Solution File, Format Version 12.00
# Visual Studio Version 17
VisualStudioVersion = 17.4.33122.133
MinimumVisualStudioVersion = 10.0.40219.1
Project("{FAE04EC0-301F-11D3-BF4B-00C04F79EFBC}") = "Problema1", "Problema1\Problema1.csproj", "{D42B1805-0AAB-4850-9F07-848682371FDE}"
EndProject
Global
	GlobalSection(SolutionConfigurationPlatforms) = preSolution
		Debug|Any CPU = Debug|Any CPU
		Release|Any CPU = Release|Any CPU
	EndGlobalSection
	GlobalSection(ProjectConfigurationPlatforms) = postSolution
		{D42B1805-0AAB-4850-9F07-848682371FDE}.Debug|Any CPU.ActiveCfg = Debug|Any CPU
		{D42B1805-0AAB-4850-9F07-848682371FDE}.Debug|Any CPU.Build.0 = Debug|Any CPU
		{D42B1805-0AAB-4850-9F07-848682371FDE}.Release|Any CPU.ActiveCfg = Release|Any CPU
		{D42B1805-0AAB-4850-9F07-848682371FDE}.Release|Any CPU.Build.0 = Release|Any CPU
	EndGlobalSection
	GlobalSection(SolutionProperties) = preSolution
		HideSolutionNode = FALSE
	EndGlobalSection
	GlobalSection(ExtensibilityGlobals) = postSolution
		SolutionGuid = {CD77D65E-EA10-4B82-8EBF-A36742304E3A}
	EndGlobalSection
EndGlobal
